// !$*UTF8*$!
{
	archiveVersion = 1;
	classes = {
	};
	objectVersion = 51;
	objects = {

/* Begin PBXBuildFile section */
		003ADA23253B706500169451 /* UserList.swift in Sources */ = {isa = PBXBuildFile; fileRef = 003ADA22253B706500169451 /* UserList.swift */; };
		003ADA25253B730A00169451 /* icybay.jpg in Resources */ = {isa = PBXBuildFile; fileRef = 003ADA24253B730A00169451 /* icybay.jpg */; };
		003ADA27253B731800169451 /* chincoteague.jpg in Resources */ = {isa = PBXBuildFile; fileRef = 003ADA26253B731800169451 /* chincoteague.jpg */; };
		0046DB7C2540E55D0070E6BD /* Tools.swift in Sources */ = {isa = PBXBuildFile; fileRef = 0046DB7B2540E55D0070E6BD /* Tools.swift */; };
		0048726625605FD900F39518 /* GoogleService-Info.plist in Resources */ = {isa = PBXBuildFile; fileRef = 0048726525605FD900F39518 /* GoogleService-Info.plist */; };
		004D36AA2553078F001EF58E /* ViewExtensionNavigator.swift in Sources */ = {isa = PBXBuildFile; fileRef = 004D36A92553078F001EF58E /* ViewExtensionNavigator.swift */; };
		00543EC2256993AD00066623 /* AddFriends.swift in Sources */ = {isa = PBXBuildFile; fileRef = 00543EC1256993AC00066623 /* AddFriends.swift */; };
		00543EC425699B4200066623 /* qr1.jpg in Resources */ = {isa = PBXBuildFile; fileRef = 00543EC325699B4200066623 /* qr1.jpg */; };
		00A6DCAC254DD3DC001BF08D /* UserProfilePage.swift in Sources */ = {isa = PBXBuildFile; fileRef = 00A6DCAB254DD3DC001BF08D /* UserProfilePage.swift */; };
		00ECBF78253B55F500CD27F9 /* AppDelegate.swift in Sources */ = {isa = PBXBuildFile; fileRef = 00ECBF77253B55F500CD27F9 /* AppDelegate.swift */; };
		00ECBF7A253B55F500CD27F9 /* SceneDelegate.swift in Sources */ = {isa = PBXBuildFile; fileRef = 00ECBF79253B55F500CD27F9 /* SceneDelegate.swift */; };
		00ECBF7C253B55F500CD27F9 /* ContentView.swift in Sources */ = {isa = PBXBuildFile; fileRef = 00ECBF7B253B55F500CD27F9 /* ContentView.swift */; };
		00ECBF7E253B55F900CD27F9 /* Assets.xcassets in Resources */ = {isa = PBXBuildFile; fileRef = 00ECBF7D253B55F900CD27F9 /* Assets.xcassets */; };
		00ECBF81253B55F900CD27F9 /* Preview Assets.xcassets in Resources */ = {isa = PBXBuildFile; fileRef = 00ECBF80253B55F900CD27F9 /* Preview Assets.xcassets */; };
		00ECBF84253B55FA00CD27F9 /* LaunchScreen.storyboard in Resources */ = {isa = PBXBuildFile; fileRef = 00ECBF82253B55FA00CD27F9 /* LaunchScreen.storyboard */; };
		00ECBF8F253B55FA00CD27F9 /* LunchLineTests.swift in Sources */ = {isa = PBXBuildFile; fileRef = 00ECBF8E253B55FA00CD27F9 /* LunchLineTests.swift */; };
		00ECBF9A253B55FA00CD27F9 /* LunchLineUITests.swift in Sources */ = {isa = PBXBuildFile; fileRef = 00ECBF99253B55FA00CD27F9 /* LunchLineUITests.swift */; };
		00ECBFA8253B5A2000CD27F9 /* UserData.json in Resources */ = {isa = PBXBuildFile; fileRef = 00ECBFA7253B5A2000CD27F9 /* UserData.json */; };
		00ECBFB1253B634F00CD27F9 /* User.swift in Sources */ = {isa = PBXBuildFile; fileRef = 00ECBFB0253B634F00CD27F9 /* User.swift */; };
		00ECBFB3253B656900CD27F9 /* Data.swift in Sources */ = {isa = PBXBuildFile; fileRef = 00ECBFB2253B656900CD27F9 /* Data.swift */; };
		00ECBFB6253B65ED00CD27F9 /* man.jpg in Resources */ = {isa = PBXBuildFile; fileRef = 00ECBFB5253B65EC00CD27F9 /* man.jpg */; };
		00ECBFB8253B678200CD27F9 /* UserRow.swift in Sources */ = {isa = PBXBuildFile; fileRef = 00ECBFB7253B678200CD27F9 /* UserRow.swift */; };
		458E1EB4D28E95A88C02A284 /* Pods_LunchLine.framework in Frameworks */ = {isa = PBXBuildFile; fileRef = BBB4CB5C03665F1BE492A18F /* Pods_LunchLine.framework */; };
		6128719D32DD4BA5CA76E27C /* Pods_LunchLineTests.framework in Frameworks */ = {isa = PBXBuildFile; fileRef = 8F6B37F1FC896E84DD070886 /* Pods_LunchLineTests.framework */; };
		774F2265ACAF7B0536378E9F /* Pods_LunchLine_LunchLineUITests.framework in Frameworks */ = {isa = PBXBuildFile; fileRef = E7743B93FCD80EF76D2E5A16 /* Pods_LunchLine_LunchLineUITests.framework */; };
/* End PBXBuildFile section */

/* Begin PBXContainerItemProxy section */
		00ECBF8B253B55FA00CD27F9 /* PBXContainerItemProxy */ = {
			isa = PBXContainerItemProxy;
			containerPortal = 00ECBF6C253B55F500CD27F9 /* Project object */;
			proxyType = 1;
			remoteGlobalIDString = 00ECBF73253B55F500CD27F9;
			remoteInfo = LunchLine;
		};
		00ECBF96253B55FA00CD27F9 /* PBXContainerItemProxy */ = {
			isa = PBXContainerItemProxy;
			containerPortal = 00ECBF6C253B55F500CD27F9 /* Project object */;
			proxyType = 1;
			remoteGlobalIDString = 00ECBF73253B55F500CD27F9;
			remoteInfo = LunchLine;
		};
/* End PBXContainerItemProxy section */

/* Begin PBXFileReference section */
		003ADA22253B706500169451 /* UserList.swift */ = {isa = PBXFileReference; lastKnownFileType = sourcecode.swift; path = UserList.swift; sourceTree = "<group>"; };
		003ADA24253B730A00169451 /* icybay.jpg */ = {isa = PBXFileReference; lastKnownFileType = image.jpeg; path = icybay.jpg; sourceTree = "<group>"; };
		003ADA26253B731800169451 /* chincoteague.jpg */ = {isa = PBXFileReference; lastKnownFileType = image.jpeg; path = chincoteague.jpg; sourceTree = "<group>"; };
		0046DB7B2540E55D0070E6BD /* Tools.swift */ = {isa = PBXFileReference; lastKnownFileType = sourcecode.swift; path = Tools.swift; sourceTree = "<group>"; };
		0048726525605FD900F39518 /* GoogleService-Info.plist */ = {isa = PBXFileReference; fileEncoding = 4; lastKnownFileType = text.plist.xml; path = "GoogleService-Info.plist"; sourceTree = "<group>"; };
		004D36A92553078F001EF58E /* ViewExtensionNavigator.swift */ = {isa = PBXFileReference; lastKnownFileType = sourcecode.swift; path = ViewExtensionNavigator.swift; sourceTree = "<group>"; };
		00543EC1256993AC00066623 /* AddFriends.swift */ = {isa = PBXFileReference; lastKnownFileType = sourcecode.swift; path = AddFriends.swift; sourceTree = "<group>"; };
		00543EC325699B4200066623 /* qr1.jpg */ = {isa = PBXFileReference; lastKnownFileType = image.jpeg; path = qr1.jpg; sourceTree = "<group>"; };
		00A6DCAB254DD3DC001BF08D /* UserProfilePage.swift */ = {isa = PBXFileReference; lastKnownFileType = sourcecode.swift; path = UserProfilePage.swift; sourceTree = "<group>"; };
		00ECBF74253B55F500CD27F9 /* LunchLine.app */ = {isa = PBXFileReference; explicitFileType = wrapper.application; includeInIndex = 0; path = LunchLine.app; sourceTree = BUILT_PRODUCTS_DIR; };
		00ECBF77253B55F500CD27F9 /* AppDelegate.swift */ = {isa = PBXFileReference; lastKnownFileType = sourcecode.swift; path = AppDelegate.swift; sourceTree = "<group>"; };
		00ECBF79253B55F500CD27F9 /* SceneDelegate.swift */ = {isa = PBXFileReference; lastKnownFileType = sourcecode.swift; path = SceneDelegate.swift; sourceTree = "<group>"; };
		00ECBF7B253B55F500CD27F9 /* ContentView.swift */ = {isa = PBXFileReference; lastKnownFileType = sourcecode.swift; path = ContentView.swift; sourceTree = "<group>"; };
		00ECBF7D253B55F900CD27F9 /* Assets.xcassets */ = {isa = PBXFileReference; lastKnownFileType = folder.assetcatalog; path = Assets.xcassets; sourceTree = "<group>"; };
		00ECBF80253B55F900CD27F9 /* Preview Assets.xcassets */ = {isa = PBXFileReference; lastKnownFileType = folder.assetcatalog; path = "Preview Assets.xcassets"; sourceTree = "<group>"; };
		00ECBF83253B55FA00CD27F9 /* Base */ = {isa = PBXFileReference; lastKnownFileType = file.storyboard; name = Base; path = Base.lproj/LaunchScreen.storyboard; sourceTree = "<group>"; };
		00ECBF85253B55FA00CD27F9 /* Info.plist */ = {isa = PBXFileReference; lastKnownFileType = text.plist.xml; path = Info.plist; sourceTree = "<group>"; };
		00ECBF8A253B55FA00CD27F9 /* LunchLineTests.xctest */ = {isa = PBXFileReference; explicitFileType = wrapper.cfbundle; includeInIndex = 0; path = LunchLineTests.xctest; sourceTree = BUILT_PRODUCTS_DIR; };
		00ECBF8E253B55FA00CD27F9 /* LunchLineTests.swift */ = {isa = PBXFileReference; lastKnownFileType = sourcecode.swift; path = LunchLineTests.swift; sourceTree = "<group>"; };
		00ECBF90253B55FA00CD27F9 /* Info.plist */ = {isa = PBXFileReference; lastKnownFileType = text.plist.xml; path = Info.plist; sourceTree = "<group>"; };
		00ECBF95253B55FA00CD27F9 /* LunchLineUITests.xctest */ = {isa = PBXFileReference; explicitFileType = wrapper.cfbundle; includeInIndex = 0; path = LunchLineUITests.xctest; sourceTree = BUILT_PRODUCTS_DIR; };
		00ECBF99253B55FA00CD27F9 /* LunchLineUITests.swift */ = {isa = PBXFileReference; lastKnownFileType = sourcecode.swift; path = LunchLineUITests.swift; sourceTree = "<group>"; };
		00ECBF9B253B55FA00CD27F9 /* Info.plist */ = {isa = PBXFileReference; lastKnownFileType = text.plist.xml; path = Info.plist; sourceTree = "<group>"; };
		00ECBFA7253B5A2000CD27F9 /* UserData.json */ = {isa = PBXFileReference; lastKnownFileType = text.json; path = UserData.json; sourceTree = "<group>"; };
		00ECBFB0253B634F00CD27F9 /* User.swift */ = {isa = PBXFileReference; lastKnownFileType = sourcecode.swift; path = User.swift; sourceTree = "<group>"; };
		00ECBFB2253B656900CD27F9 /* Data.swift */ = {isa = PBXFileReference; lastKnownFileType = sourcecode.swift; path = Data.swift; sourceTree = "<group>"; };
		00ECBFB5253B65EC00CD27F9 /* man.jpg */ = {isa = PBXFileReference; lastKnownFileType = image.jpeg; path = man.jpg; sourceTree = "<group>"; };
		00ECBFB7253B678200CD27F9 /* UserRow.swift */ = {isa = PBXFileReference; lastKnownFileType = sourcecode.swift; path = UserRow.swift; sourceTree = "<group>"; };
		56CDA76AC4CADDDA9784614A /* Pods-LunchLine.debug.xcconfig */ = {isa = PBXFileReference; includeInIndex = 1; lastKnownFileType = text.xcconfig; name = "Pods-LunchLine.debug.xcconfig"; path = "Target Support Files/Pods-LunchLine/Pods-LunchLine.debug.xcconfig"; sourceTree = "<group>"; };
		5B258D14FEC87206125FF2E6 /* Pods-LunchLine-LunchLineUITests.debug.xcconfig */ = {isa = PBXFileReference; includeInIndex = 1; lastKnownFileType = text.xcconfig; name = "Pods-LunchLine-LunchLineUITests.debug.xcconfig"; path = "Target Support Files/Pods-LunchLine-LunchLineUITests/Pods-LunchLine-LunchLineUITests.debug.xcconfig"; sourceTree = "<group>"; };
		8F6B37F1FC896E84DD070886 /* Pods_LunchLineTests.framework */ = {isa = PBXFileReference; explicitFileType = wrapper.framework; includeInIndex = 0; path = Pods_LunchLineTests.framework; sourceTree = BUILT_PRODUCTS_DIR; };
		A75600697A52DAFFF696056E /* Pods-LunchLine-LunchLineUITests.release.xcconfig */ = {isa = PBXFileReference; includeInIndex = 1; lastKnownFileType = text.xcconfig; name = "Pods-LunchLine-LunchLineUITests.release.xcconfig"; path = "Target Support Files/Pods-LunchLine-LunchLineUITests/Pods-LunchLine-LunchLineUITests.release.xcconfig"; sourceTree = "<group>"; };
		B510F9B6D569368D65E6C917 /* Pods-LunchLineTests.release.xcconfig */ = {isa = PBXFileReference; includeInIndex = 1; lastKnownFileType = text.xcconfig; name = "Pods-LunchLineTests.release.xcconfig"; path = "Target Support Files/Pods-LunchLineTests/Pods-LunchLineTests.release.xcconfig"; sourceTree = "<group>"; };
		BBB4CB5C03665F1BE492A18F /* Pods_LunchLine.framework */ = {isa = PBXFileReference; explicitFileType = wrapper.framework; includeInIndex = 0; path = Pods_LunchLine.framework; sourceTree = BUILT_PRODUCTS_DIR; };
		D6DDEEE0AC97EFA0F9F60E5D /* Pods-LunchLine.release.xcconfig */ = {isa = PBXFileReference; includeInIndex = 1; lastKnownFileType = text.xcconfig; name = "Pods-LunchLine.release.xcconfig"; path = "Target Support Files/Pods-LunchLine/Pods-LunchLine.release.xcconfig"; sourceTree = "<group>"; };
		E75423C5DCD0BC9E7DB9AF3A /* Pods-LunchLineTests.debug.xcconfig */ = {isa = PBXFileReference; includeInIndex = 1; lastKnownFileType = text.xcconfig; name = "Pods-LunchLineTests.debug.xcconfig"; path = "Target Support Files/Pods-LunchLineTests/Pods-LunchLineTests.debug.xcconfig"; sourceTree = "<group>"; };
		E7743B93FCD80EF76D2E5A16 /* Pods_LunchLine_LunchLineUITests.framework */ = {isa = PBXFileReference; explicitFileType = wrapper.framework; includeInIndex = 0; path = Pods_LunchLine_LunchLineUITests.framework; sourceTree = BUILT_PRODUCTS_DIR; };
/* End PBXFileReference section */

/* Begin PBXFrameworksBuildPhase section */
		00ECBF71253B55F500CD27F9 /* Frameworks */ = {
			isa = PBXFrameworksBuildPhase;
			buildActionMask = 2147483647;
			files = (
				458E1EB4D28E95A88C02A284 /* Pods_LunchLine.framework in Frameworks */,
			);
			runOnlyForDeploymentPostprocessing = 0;
		};
		00ECBF87253B55FA00CD27F9 /* Frameworks */ = {
			isa = PBXFrameworksBuildPhase;
			buildActionMask = 2147483647;
			files = (
				6128719D32DD4BA5CA76E27C /* Pods_LunchLineTests.framework in Frameworks */,
			);
			runOnlyForDeploymentPostprocessing = 0;
		};
		00ECBF92253B55FA00CD27F9 /* Frameworks */ = {
			isa = PBXFrameworksBuildPhase;
			buildActionMask = 2147483647;
			files = (
				774F2265ACAF7B0536378E9F /* Pods_LunchLine_LunchLineUITests.framework in Frameworks */,
			);
			runOnlyForDeploymentPostprocessing = 0;
		};
/* End PBXFrameworksBuildPhase section */

/* Begin PBXGroup section */
		0046DB7A2540E5320070E6BD /* Utils */ = {
			isa = PBXGroup;
			children = (
				0046DB7B2540E55D0070E6BD /* Tools.swift */,
			);
			path = Utils;
			sourceTree = "<group>";
		};
		00ECBF6B253B55F500CD27F9 = {
			isa = PBXGroup;
			children = (
				0048726525605FD900F39518 /* GoogleService-Info.plist */,
				00ECBF76253B55F500CD27F9 /* LunchLine */,
				00ECBF8D253B55FA00CD27F9 /* LunchLineTests */,
				00ECBF98253B55FA00CD27F9 /* LunchLineUITests */,
				00ECBF75253B55F500CD27F9 /* Products */,
				759538B2DAF82CECF634023C /* Pods */,
				B790D0FBA1639B066D082D1B /* Frameworks */,
			);
			sourceTree = "<group>";
		};
		00ECBF75253B55F500CD27F9 /* Products */ = {
			isa = PBXGroup;
			children = (
				00ECBF74253B55F500CD27F9 /* LunchLine.app */,
				00ECBF8A253B55FA00CD27F9 /* LunchLineTests.xctest */,
				00ECBF95253B55FA00CD27F9 /* LunchLineUITests.xctest */,
			);
			name = Products;
			sourceTree = "<group>";
		};
		00ECBF76253B55F500CD27F9 /* LunchLine */ = {
			isa = PBXGroup;
			children = (
				0046DB7A2540E5320070E6BD /* Utils */,
				00ECBF77253B55F500CD27F9 /* AppDelegate.swift */,
				00ECBF79253B55F500CD27F9 /* SceneDelegate.swift */,
				00ECBF7B253B55F500CD27F9 /* ContentView.swift */,
				00ECBFAE253B62F900CD27F9 /* Model */,
				00ECBFAD253B627A00CD27F9 /* Views */,
				00ECBF7D253B55F900CD27F9 /* Assets.xcassets */,
				00ECBF82253B55FA00CD27F9 /* LaunchScreen.storyboard */,
				00ECBF85253B55FA00CD27F9 /* Info.plist */,
				00ECBFA9253B5EBB00CD27F9 /* Data */,
				00ECBF7F253B55F900CD27F9 /* Preview Content */,
			);
			path = LunchLine;
			sourceTree = "<group>";
		};
		00ECBF7F253B55F900CD27F9 /* Preview Content */ = {
			isa = PBXGroup;
			children = (
				00ECBF80253B55F900CD27F9 /* Preview Assets.xcassets */,
			);
			path = "Preview Content";
			sourceTree = "<group>";
		};
		00ECBF8D253B55FA00CD27F9 /* LunchLineTests */ = {
			isa = PBXGroup;
			children = (
				00ECBF8E253B55FA00CD27F9 /* LunchLineTests.swift */,
				00ECBF90253B55FA00CD27F9 /* Info.plist */,
			);
			path = LunchLineTests;
			sourceTree = "<group>";
		};
		00ECBF98253B55FA00CD27F9 /* LunchLineUITests */ = {
			isa = PBXGroup;
			children = (
				00ECBF99253B55FA00CD27F9 /* LunchLineUITests.swift */,
				00ECBF9B253B55FA00CD27F9 /* Info.plist */,
			);
			path = LunchLineUITests;
			sourceTree = "<group>";
		};
		00ECBFA9253B5EBB00CD27F9 /* Data */ = {
			isa = PBXGroup;
			children = (
				00ECBFA7253B5A2000CD27F9 /* UserData.json */,
				00ECBFB4253B65DF00CD27F9 /* Images */,
				00ECBFB2253B656900CD27F9 /* Data.swift */,
			);
			path = Data;
			sourceTree = "<group>";
		};
		00ECBFAD253B627A00CD27F9 /* Views */ = {
			isa = PBXGroup;
			children = (
				00ECBFB7253B678200CD27F9 /* UserRow.swift */,
				00543EC1256993AC00066623 /* AddFriends.swift */,
				004D36A92553078F001EF58E /* ViewExtensionNavigator.swift */,
				00A6DCAB254DD3DC001BF08D /* UserProfilePage.swift */,
				003ADA22253B706500169451 /* UserList.swift */,
			);
			path = Views;
			sourceTree = "<group>";
		};
		00ECBFAE253B62F900CD27F9 /* Model */ = {
			isa = PBXGroup;
			children = (
				00ECBFB0253B634F00CD27F9 /* User.swift */,
			);
			path = Model;
			sourceTree = "<group>";
		};
		00ECBFB4253B65DF00CD27F9 /* Images */ = {
			isa = PBXGroup;
			children = (
				00543EC325699B4200066623 /* qr1.jpg */,
				003ADA26253B731800169451 /* chincoteague.jpg */,
				003ADA24253B730A00169451 /* icybay.jpg */,
				00ECBFB5253B65EC00CD27F9 /* man.jpg */,
			);
			path = Images;
			sourceTree = "<group>";
		};
		759538B2DAF82CECF634023C /* Pods */ = {
			isa = PBXGroup;
			children = (
				56CDA76AC4CADDDA9784614A /* Pods-LunchLine.debug.xcconfig */,
				D6DDEEE0AC97EFA0F9F60E5D /* Pods-LunchLine.release.xcconfig */,
				5B258D14FEC87206125FF2E6 /* Pods-LunchLine-LunchLineUITests.debug.xcconfig */,
				A75600697A52DAFFF696056E /* Pods-LunchLine-LunchLineUITests.release.xcconfig */,
				E75423C5DCD0BC9E7DB9AF3A /* Pods-LunchLineTests.debug.xcconfig */,
				B510F9B6D569368D65E6C917 /* Pods-LunchLineTests.release.xcconfig */,
			);
			path = Pods;
			sourceTree = "<group>";
		};
		B790D0FBA1639B066D082D1B /* Frameworks */ = {
			isa = PBXGroup;
			children = (
				BBB4CB5C03665F1BE492A18F /* Pods_LunchLine.framework */,
				E7743B93FCD80EF76D2E5A16 /* Pods_LunchLine_LunchLineUITests.framework */,
				8F6B37F1FC896E84DD070886 /* Pods_LunchLineTests.framework */,
			);
			name = Frameworks;
			sourceTree = "<group>";
		};
/* End PBXGroup section */

/* Begin PBXNativeTarget section */
		00ECBF73253B55F500CD27F9 /* LunchLine */ = {
			isa = PBXNativeTarget;
			buildConfigurationList = 00ECBF9E253B55FA00CD27F9 /* Build configuration list for PBXNativeTarget "LunchLine" */;
			buildPhases = (
				9A5272037C4E75FE792A73C4 /* [CP] Check Pods Manifest.lock */,
				00ECBF70253B55F500CD27F9 /* Sources */,
				00ECBF71253B55F500CD27F9 /* Frameworks */,
				00ECBF72253B55F500CD27F9 /* Resources */,
				47889EA2BBFFA84AA6CA1E85 /* [CP] Embed Pods Frameworks */,
			);
			buildRules = (
			);
			dependencies = (
			);
			name = LunchLine;
			productName = LunchLine;
			productReference = 00ECBF74253B55F500CD27F9 /* LunchLine.app */;
			productType = "com.apple.product-type.application";
		};
		00ECBF89253B55FA00CD27F9 /* LunchLineTests */ = {
			isa = PBXNativeTarget;
			buildConfigurationList = 00ECBFA1253B55FA00CD27F9 /* Build configuration list for PBXNativeTarget "LunchLineTests" */;
			buildPhases = (
				B70E4690FA14D49C44FB8410 /* [CP] Check Pods Manifest.lock */,
				00ECBF86253B55FA00CD27F9 /* Sources */,
				00ECBF87253B55FA00CD27F9 /* Frameworks */,
				00ECBF88253B55FA00CD27F9 /* Resources */,
			);
			buildRules = (
			);
			dependencies = (
				00ECBF8C253B55FA00CD27F9 /* PBXTargetDependency */,
			);
			name = LunchLineTests;
			productName = LunchLineTests;
			productReference = 00ECBF8A253B55FA00CD27F9 /* LunchLineTests.xctest */;
			productType = "com.apple.product-type.bundle.unit-test";
		};
		00ECBF94253B55FA00CD27F9 /* LunchLineUITests */ = {
			isa = PBXNativeTarget;
			buildConfigurationList = 00ECBFA4253B55FA00CD27F9 /* Build configuration list for PBXNativeTarget "LunchLineUITests" */;
			buildPhases = (
				64E5AD51B449941C78E927FD /* [CP] Check Pods Manifest.lock */,
				00ECBF91253B55FA00CD27F9 /* Sources */,
				00ECBF92253B55FA00CD27F9 /* Frameworks */,
				00ECBF93253B55FA00CD27F9 /* Resources */,
				243210A38F58921971738AD8 /* [CP] Embed Pods Frameworks */,
			);
			buildRules = (
			);
			dependencies = (
				00ECBF97253B55FA00CD27F9 /* PBXTargetDependency */,
			);
			name = LunchLineUITests;
			productName = LunchLineUITests;
			productReference = 00ECBF95253B55FA00CD27F9 /* LunchLineUITests.xctest */;
			productType = "com.apple.product-type.bundle.ui-testing";
		};
/* End PBXNativeTarget section */

/* Begin PBXProject section */
		00ECBF6C253B55F500CD27F9 /* Project object */ = {
			isa = PBXProject;
			attributes = {
				LastSwiftUpdateCheck = 1160;
				LastUpgradeCheck = 1160;
				ORGANIZATIONNAME = matt.larsen;
				TargetAttributes = {
					00ECBF73253B55F500CD27F9 = {
						CreatedOnToolsVersion = 11.6;
					};
					00ECBF89253B55FA00CD27F9 = {
						CreatedOnToolsVersion = 11.6;
						TestTargetID = 00ECBF73253B55F500CD27F9;
					};
					00ECBF94253B55FA00CD27F9 = {
						CreatedOnToolsVersion = 11.6;
						TestTargetID = 00ECBF73253B55F500CD27F9;
					};
				};
			};
			buildConfigurationList = 00ECBF6F253B55F500CD27F9 /* Build configuration list for PBXProject "LunchLine" */;
			compatibilityVersion = "Xcode 9.3";
			developmentRegion = en;
			hasScannedForEncodings = 0;
			knownRegions = (
				en,
				Base,
			);
			mainGroup = 00ECBF6B253B55F500CD27F9;
			productRefGroup = 00ECBF75253B55F500CD27F9 /* Products */;
			projectDirPath = "";
			projectRoot = "";
			targets = (
				00ECBF73253B55F500CD27F9 /* LunchLine */,
				00ECBF89253B55FA00CD27F9 /* LunchLineTests */,
				00ECBF94253B55FA00CD27F9 /* LunchLineUITests */,
			);
		};
/* End PBXProject section */

/* Begin PBXResourcesBuildPhase section */
		00ECBF72253B55F500CD27F9 /* Resources */ = {
			isa = PBXResourcesBuildPhase;
			buildActionMask = 2147483647;
			files = (
				00ECBFB6253B65ED00CD27F9 /* man.jpg in Resources */,
				0048726625605FD900F39518 /* GoogleService-Info.plist in Resources */,
				00ECBFA8253B5A2000CD27F9 /* UserData.json in Resources */,
				00ECBF84253B55FA00CD27F9 /* LaunchScreen.storyboard in Resources */,
				003ADA27253B731800169451 /* chincoteague.jpg in Resources */,
				00ECBF81253B55F900CD27F9 /* Preview Assets.xcassets in Resources */,
				00543EC425699B4200066623 /* qr1.jpg in Resources */,
				003ADA25253B730A00169451 /* icybay.jpg in Resources */,
				00ECBF7E253B55F900CD27F9 /* Assets.xcassets in Resources */,
			);
			runOnlyForDeploymentPostprocessing = 0;
		};
		00ECBF88253B55FA00CD27F9 /* Resources */ = {
			isa = PBXResourcesBuildPhase;
			buildActionMask = 2147483647;
			files = (
			);
			runOnlyForDeploymentPostprocessing = 0;
		};
		00ECBF93253B55FA00CD27F9 /* Resources */ = {
			isa = PBXResourcesBuildPhase;
			buildActionMask = 2147483647;
			files = (
			);
			runOnlyForDeploymentPostprocessing = 0;
		};
/* End PBXResourcesBuildPhase section */

/* Begin PBXShellScriptBuildPhase section */
		243210A38F58921971738AD8 /* [CP] Embed Pods Frameworks */ = {
			isa = PBXShellScriptBuildPhase;
			buildActionMask = 2147483647;
			files = (
			);
			inputFileListPaths = (
				"${PODS_ROOT}/Target Support Files/Pods-LunchLine-LunchLineUITests/Pods-LunchLine-LunchLineUITests-frameworks-${CONFIGURATION}-input-files.xcfilelist",
			);
			name = "[CP] Embed Pods Frameworks";
			outputFileListPaths = (
				"${PODS_ROOT}/Target Support Files/Pods-LunchLine-LunchLineUITests/Pods-LunchLine-LunchLineUITests-frameworks-${CONFIGURATION}-output-files.xcfilelist",
			);
			runOnlyForDeploymentPostprocessing = 0;
			shellPath = /bin/sh;
			shellScript = "\"${PODS_ROOT}/Target Support Files/Pods-LunchLine-LunchLineUITests/Pods-LunchLine-LunchLineUITests-frameworks.sh\"\n";
			showEnvVarsInLog = 0;
		};
		47889EA2BBFFA84AA6CA1E85 /* [CP] Embed Pods Frameworks */ = {
			isa = PBXShellScriptBuildPhase;
			buildActionMask = 2147483647;
			files = (
			);
			inputFileListPaths = (
				"${PODS_ROOT}/Target Support Files/Pods-LunchLine/Pods-LunchLine-frameworks-${CONFIGURATION}-input-files.xcfilelist",
			);
			name = "[CP] Embed Pods Frameworks";
			outputFileListPaths = (
				"${PODS_ROOT}/Target Support Files/Pods-LunchLine/Pods-LunchLine-frameworks-${CONFIGURATION}-output-files.xcfilelist",
			);
			runOnlyForDeploymentPostprocessing = 0;
			shellPath = /bin/sh;
			shellScript = "\"${PODS_ROOT}/Target Support Files/Pods-LunchLine/Pods-LunchLine-frameworks.sh\"\n";
			showEnvVarsInLog = 0;
		};
		64E5AD51B449941C78E927FD /* [CP] Check Pods Manifest.lock */ = {
			isa = PBXShellScriptBuildPhase;
			buildActionMask = 2147483647;
			files = (
			);
			inputFileListPaths = (
			);
			inputPaths = (
				"${PODS_PODFILE_DIR_PATH}/Podfile.lock",
				"${PODS_ROOT}/Manifest.lock",
			);
			name = "[CP] Check Pods Manifest.lock";
			outputFileListPaths = (
			);
			outputPaths = (
				"$(DERIVED_FILE_DIR)/Pods-LunchLine-LunchLineUITests-checkManifestLockResult.txt",
			);
			runOnlyForDeploymentPostprocessing = 0;
			shellPath = /bin/sh;
			shellScript = "diff \"${PODS_PODFILE_DIR_PATH}/Podfile.lock\" \"${PODS_ROOT}/Manifest.lock\" > /dev/null\nif [ $? != 0 ] ; then\n    # print error to STDERR\n    echo \"error: The sandbox is not in sync with the Podfile.lock. Run 'pod install' or update your CocoaPods installation.\" >&2\n    exit 1\nfi\n# This output is used by Xcode 'outputs' to avoid re-running this script phase.\necho \"SUCCESS\" > \"${SCRIPT_OUTPUT_FILE_0}\"\n";
			showEnvVarsInLog = 0;
		};
		9A5272037C4E75FE792A73C4 /* [CP] Check Pods Manifest.lock */ = {
			isa = PBXShellScriptBuildPhase;
			buildActionMask = 2147483647;
			files = (
			);
			inputFileListPaths = (
			);
			inputPaths = (
				"${PODS_PODFILE_DIR_PATH}/Podfile.lock",
				"${PODS_ROOT}/Manifest.lock",
			);
			name = "[CP] Check Pods Manifest.lock";
			outputFileListPaths = (
			);
			outputPaths = (
				"$(DERIVED_FILE_DIR)/Pods-LunchLine-checkManifestLockResult.txt",
			);
			runOnlyForDeploymentPostprocessing = 0;
			shellPath = /bin/sh;
			shellScript = "diff \"${PODS_PODFILE_DIR_PATH}/Podfile.lock\" \"${PODS_ROOT}/Manifest.lock\" > /dev/null\nif [ $? != 0 ] ; then\n    # print error to STDERR\n    echo \"error: The sandbox is not in sync with the Podfile.lock. Run 'pod install' or update your CocoaPods installation.\" >&2\n    exit 1\nfi\n# This output is used by Xcode 'outputs' to avoid re-running this script phase.\necho \"SUCCESS\" > \"${SCRIPT_OUTPUT_FILE_0}\"\n";
			showEnvVarsInLog = 0;
		};
		B70E4690FA14D49C44FB8410 /* [CP] Check Pods Manifest.lock */ = {
			isa = PBXShellScriptBuildPhase;
			buildActionMask = 2147483647;
			files = (
			);
			inputFileListPaths = (
			);
			inputPaths = (
				"${PODS_PODFILE_DIR_PATH}/Podfile.lock",
				"${PODS_ROOT}/Manifest.lock",
			);
			name = "[CP] Check Pods Manifest.lock";
			outputFileListPaths = (
			);
			outputPaths = (
				"$(DERIVED_FILE_DIR)/Pods-LunchLineTests-checkManifestLockResult.txt",
			);
			runOnlyForDeploymentPostprocessing = 0;
			shellPath = /bin/sh;
			shellScript = "diff \"${PODS_PODFILE_DIR_PATH}/Podfile.lock\" \"${PODS_ROOT}/Manifest.lock\" > /dev/null\nif [ $? != 0 ] ; then\n    # print error to STDERR\n    echo \"error: The sandbox is not in sync with the Podfile.lock. Run 'pod install' or update your CocoaPods installation.\" >&2\n    exit 1\nfi\n# This output is used by Xcode 'outputs' to avoid re-running this script phase.\necho \"SUCCESS\" > \"${SCRIPT_OUTPUT_FILE_0}\"\n";
			showEnvVarsInLog = 0;
		};
/* End PBXShellScriptBuildPhase section */

/* Begin PBXSourcesBuildPhase section */
		00ECBF70253B55F500CD27F9 /* Sources */ = {
			isa = PBXSourcesBuildPhase;
			buildActionMask = 2147483647;
			files = (
				00ECBF78253B55F500CD27F9 /* AppDelegate.swift in Sources */,
				00ECBFB3253B656900CD27F9 /* Data.swift in Sources */,
				004D36AA2553078F001EF58E /* ViewExtensionNavigator.swift in Sources */,
				00543EC2256993AD00066623 /* AddFriends.swift in Sources */,
				00ECBF7A253B55F500CD27F9 /* SceneDelegate.swift in Sources */,
				00ECBFB8253B678200CD27F9 /* UserRow.swift in Sources */,
				00ECBFB1253B634F00CD27F9 /* User.swift in Sources */,
				0046DB7C2540E55D0070E6BD /* Tools.swift in Sources */,
				00A6DCAC254DD3DC001BF08D /* UserProfilePage.swift in Sources */,
				003ADA23253B706500169451 /* UserList.swift in Sources */,
				00ECBF7C253B55F500CD27F9 /* ContentView.swift in Sources */,
			);
			runOnlyForDeploymentPostprocessing = 0;
		};
		00ECBF86253B55FA00CD27F9 /* Sources */ = {
			isa = PBXSourcesBuildPhase;
			buildActionMask = 2147483647;
			files = (
				00ECBF8F253B55FA00CD27F9 /* LunchLineTests.swift in Sources */,
			);
			runOnlyForDeploymentPostprocessing = 0;
		};
		00ECBF91253B55FA00CD27F9 /* Sources */ = {
			isa = PBXSourcesBuildPhase;
			buildActionMask = 2147483647;
			files = (
				00ECBF9A253B55FA00CD27F9 /* LunchLineUITests.swift in Sources */,
			);
			runOnlyForDeploymentPostprocessing = 0;
		};
/* End PBXSourcesBuildPhase section */

/* Begin PBXTargetDependency section */
		00ECBF8C253B55FA00CD27F9 /* PBXTargetDependency */ = {
			isa = PBXTargetDependency;
			target = 00ECBF73253B55F500CD27F9 /* LunchLine */;
			targetProxy = 00ECBF8B253B55FA00CD27F9 /* PBXContainerItemProxy */;
		};
		00ECBF97253B55FA00CD27F9 /* PBXTargetDependency */ = {
			isa = PBXTargetDependency;
			target = 00ECBF73253B55F500CD27F9 /* LunchLine */;
			targetProxy = 00ECBF96253B55FA00CD27F9 /* PBXContainerItemProxy */;
		};
/* End PBXTargetDependency section */

/* Begin PBXVariantGroup section */
		00ECBF82253B55FA00CD27F9 /* LaunchScreen.storyboard */ = {
			isa = PBXVariantGroup;
			children = (
				00ECBF83253B55FA00CD27F9 /* Base */,
			);
			name = LaunchScreen.storyboard;
			sourceTree = "<group>";
		};
/* End PBXVariantGroup section */

/* Begin XCBuildConfiguration section */
		00ECBF9C253B55FA00CD27F9 /* Debug */ = {
			isa = XCBuildConfiguration;
			buildSettings = {
				ALWAYS_SEARCH_USER_PATHS = NO;
				CLANG_ANALYZER_NONNULL = YES;
				CLANG_ANALYZER_NUMBER_OBJECT_CONVERSION = YES_AGGRESSIVE;
				CLANG_CXX_LANGUAGE_STANDARD = "gnu++14";
				CLANG_CXX_LIBRARY = "libc++";
				CLANG_ENABLE_MODULES = YES;
				CLANG_ENABLE_OBJC_ARC = YES;
				CLANG_ENABLE_OBJC_WEAK = YES;
				CLANG_WARN_BLOCK_CAPTURE_AUTORELEASING = YES;
				CLANG_WARN_BOOL_CONVERSION = YES;
				CLANG_WARN_COMMA = YES;
				CLANG_WARN_CONSTANT_CONVERSION = YES;
				CLANG_WARN_DEPRECATED_OBJC_IMPLEMENTATIONS = YES;
				CLANG_WARN_DIRECT_OBJC_ISA_USAGE = YES_ERROR;
				CLANG_WARN_DOCUMENTATION_COMMENTS = YES;
				CLANG_WARN_EMPTY_BODY = YES;
				CLANG_WARN_ENUM_CONVERSION = YES;
				CLANG_WARN_INFINITE_RECURSION = YES;
				CLANG_WARN_INT_CONVERSION = YES;
				CLANG_WARN_NON_LITERAL_NULL_CONVERSION = YES;
				CLANG_WARN_OBJC_IMPLICIT_RETAIN_SELF = YES;
				CLANG_WARN_OBJC_LITERAL_CONVERSION = YES;
				CLANG_WARN_OBJC_ROOT_CLASS = YES_ERROR;
				CLANG_WARN_RANGE_LOOP_ANALYSIS = YES;
				CLANG_WARN_STRICT_PROTOTYPES = YES;
				CLANG_WARN_SUSPICIOUS_MOVE = YES;
				CLANG_WARN_UNGUARDED_AVAILABILITY = YES_AGGRESSIVE;
				CLANG_WARN_UNREACHABLE_CODE = YES;
				CLANG_WARN__DUPLICATE_METHOD_MATCH = YES;
				COPY_PHASE_STRIP = NO;
				DEBUG_INFORMATION_FORMAT = dwarf;
				ENABLE_STRICT_OBJC_MSGSEND = YES;
				ENABLE_TESTABILITY = YES;
				GCC_C_LANGUAGE_STANDARD = gnu11;
				GCC_DYNAMIC_NO_PIC = NO;
				GCC_NO_COMMON_BLOCKS = YES;
				GCC_OPTIMIZATION_LEVEL = 0;
				GCC_PREPROCESSOR_DEFINITIONS = (
					"DEBUG=1",
					"$(inherited)",
				);
				GCC_WARN_64_TO_32_BIT_CONVERSION = YES;
				GCC_WARN_ABOUT_RETURN_TYPE = YES_ERROR;
				GCC_WARN_UNDECLARED_SELECTOR = YES;
				GCC_WARN_UNINITIALIZED_AUTOS = YES_AGGRESSIVE;
				GCC_WARN_UNUSED_FUNCTION = YES;
				GCC_WARN_UNUSED_VARIABLE = YES;
				IPHONEOS_DEPLOYMENT_TARGET = 13.6;
				MTL_ENABLE_DEBUG_INFO = INCLUDE_SOURCE;
				MTL_FAST_MATH = YES;
				ONLY_ACTIVE_ARCH = YES;
				SDKROOT = iphoneos;
				SWIFT_ACTIVE_COMPILATION_CONDITIONS = DEBUG;
				SWIFT_OPTIMIZATION_LEVEL = "-Onone";
			};
			name = Debug;
		};
		00ECBF9D253B55FA00CD27F9 /* Release */ = {
			isa = XCBuildConfiguration;
			buildSettings = {
				ALWAYS_SEARCH_USER_PATHS = NO;
				CLANG_ANALYZER_NONNULL = YES;
				CLANG_ANALYZER_NUMBER_OBJECT_CONVERSION = YES_AGGRESSIVE;
				CLANG_CXX_LANGUAGE_STANDARD = "gnu++14";
				CLANG_CXX_LIBRARY = "libc++";
				CLANG_ENABLE_MODULES = YES;
				CLANG_ENABLE_OBJC_ARC = YES;
				CLANG_ENABLE_OBJC_WEAK = YES;
				CLANG_WARN_BLOCK_CAPTURE_AUTORELEASING = YES;
				CLANG_WARN_BOOL_CONVERSION = YES;
				CLANG_WARN_COMMA = YES;
				CLANG_WARN_CONSTANT_CONVERSION = YES;
				CLANG_WARN_DEPRECATED_OBJC_IMPLEMENTATIONS = YES;
				CLANG_WARN_DIRECT_OBJC_ISA_USAGE = YES_ERROR;
				CLANG_WARN_DOCUMENTATION_COMMENTS = YES;
				CLANG_WARN_EMPTY_BODY = YES;
				CLANG_WARN_ENUM_CONVERSION = YES;
				CLANG_WARN_INFINITE_RECURSION = YES;
				CLANG_WARN_INT_CONVERSION = YES;
				CLANG_WARN_NON_LITERAL_NULL_CONVERSION = YES;
				CLANG_WARN_OBJC_IMPLICIT_RETAIN_SELF = YES;
				CLANG_WARN_OBJC_LITERAL_CONVERSION = YES;
				CLANG_WARN_OBJC_ROOT_CLASS = YES_ERROR;
				CLANG_WARN_RANGE_LOOP_ANALYSIS = YES;
				CLANG_WARN_STRICT_PROTOTYPES = YES;
				CLANG_WARN_SUSPICIOUS_MOVE = YES;
				CLANG_WARN_UNGUARDED_AVAILABILITY = YES_AGGRESSIVE;
				CLANG_WARN_UNREACHABLE_CODE = YES;
				CLANG_WARN__DUPLICATE_METHOD_MATCH = YES;
				COPY_PHASE_STRIP = NO;
				DEBUG_INFORMATION_FORMAT = "dwarf-with-dsym";
				ENABLE_NS_ASSERTIONS = NO;
				ENABLE_STRICT_OBJC_MSGSEND = YES;
				GCC_C_LANGUAGE_STANDARD = gnu11;
				GCC_NO_COMMON_BLOCKS = YES;
				GCC_WARN_64_TO_32_BIT_CONVERSION = YES;
				GCC_WARN_ABOUT_RETURN_TYPE = YES_ERROR;
				GCC_WARN_UNDECLARED_SELECTOR = YES;
				GCC_WARN_UNINITIALIZED_AUTOS = YES_AGGRESSIVE;
				GCC_WARN_UNUSED_FUNCTION = YES;
				GCC_WARN_UNUSED_VARIABLE = YES;
				IPHONEOS_DEPLOYMENT_TARGET = 13.6;
				MTL_ENABLE_DEBUG_INFO = NO;
				MTL_FAST_MATH = YES;
				SDKROOT = iphoneos;
				SWIFT_COMPILATION_MODE = wholemodule;
				SWIFT_OPTIMIZATION_LEVEL = "-O";
				VALIDATE_PRODUCT = YES;
			};
			name = Release;
		};
		00ECBF9F253B55FA00CD27F9 /* Debug */ = {
			isa = XCBuildConfiguration;
			baseConfigurationReference = 56CDA76AC4CADDDA9784614A /* Pods-LunchLine.debug.xcconfig */;
			buildSettings = {
				ASSETCATALOG_COMPILER_APPICON_NAME = AppIcon;
				CODE_SIGN_STYLE = Automatic;
				DEVELOPMENT_ASSET_PATHS = "\"LunchLine/Preview Content\"";
				ENABLE_PREVIEWS = YES;
				INFOPLIST_FILE = LunchLine/Info.plist;
				LD_RUNPATH_SEARCH_PATHS = (
					"$(inherited)",
					"@executable_path/Frameworks",
				);
				PRODUCT_BUNDLE_IDENTIFIER = matt.larsen.LunchLine;
				PRODUCT_NAME = "$(TARGET_NAME)";
				SWIFT_VERSION = 5.0;
				TARGETED_DEVICE_FAMILY = "1,2";
			};
			name = Debug;
		};
		00ECBFA0253B55FA00CD27F9 /* Release */ = {
			isa = XCBuildConfiguration;
			baseConfigurationReference = D6DDEEE0AC97EFA0F9F60E5D /* Pods-LunchLine.release.xcconfig */;
			buildSettings = {
				ASSETCATALOG_COMPILER_APPICON_NAME = AppIcon;
				CODE_SIGN_STYLE = Automatic;
				DEVELOPMENT_ASSET_PATHS = "\"LunchLine/Preview Content\"";
				ENABLE_PREVIEWS = YES;
				INFOPLIST_FILE = LunchLine/Info.plist;
				LD_RUNPATH_SEARCH_PATHS = (
					"$(inherited)",
					"@executable_path/Frameworks",
				);
				PRODUCT_BUNDLE_IDENTIFIER = matt.larsen.LunchLine;
				PRODUCT_NAME = "$(TARGET_NAME)";
				SWIFT_VERSION = 5.0;
				TARGETED_DEVICE_FAMILY = "1,2";
			};
			name = Release;
		};
		00ECBFA2253B55FA00CD27F9 /* Debug */ = {
			isa = XCBuildConfiguration;
			baseConfigurationReference = E75423C5DCD0BC9E7DB9AF3A /* Pods-LunchLineTests.debug.xcconfig */;
			buildSettings = {
				ALWAYS_EMBED_SWIFT_STANDARD_LIBRARIES = YES;
				BUNDLE_LOADER = "$(TEST_HOST)";
				CODE_SIGN_STYLE = Automatic;
				INFOPLIST_FILE = LunchLineTests/Info.plist;
				IPHONEOS_DEPLOYMENT_TARGET = 13.6;
				LD_RUNPATH_SEARCH_PATHS = (
					"$(inherited)",
					"@executable_path/Frameworks",
					"@loader_path/Frameworks",
				);
				PRODUCT_BUNDLE_IDENTIFIER = matt.larsen.LunchLineTests;
				PRODUCT_NAME = "$(TARGET_NAME)";
				SWIFT_VERSION = 5.0;
				TARGETED_DEVICE_FAMILY = "1,2";
				TEST_HOST = "$(BUILT_PRODUCTS_DIR)/LunchLine.app/LunchLine";
			};
			name = Debug;
		};
		00ECBFA3253B55FA00CD27F9 /* Release */ = {
			isa = XCBuildConfiguration;
			baseConfigurationReference = B510F9B6D569368D65E6C917 /* Pods-LunchLineTests.release.xcconfig */;
			buildSettings = {
				ALWAYS_EMBED_SWIFT_STANDARD_LIBRARIES = YES;
				BUNDLE_LOADER = "$(TEST_HOST)";
				CODE_SIGN_STYLE = Automatic;
				INFOPLIST_FILE = LunchLineTests/Info.plist;
				IPHONEOS_DEPLOYMENT_TARGET = 13.6;
				LD_RUNPATH_SEARCH_PATHS = (
					"$(inherited)",
					"@executable_path/Frameworks",
					"@loader_path/Frameworks",
				);
				PRODUCT_BUNDLE_IDENTIFIER = matt.larsen.LunchLineTests;
				PRODUCT_NAME = "$(TARGET_NAME)";
				SWIFT_VERSION = 5.0;
				TARGETED_DEVICE_FAMILY = "1,2";
				TEST_HOST = "$(BUILT_PRODUCTS_DIR)/LunchLine.app/LunchLine";
			};
			name = Release;
		};
		00ECBFA5253B55FA00CD27F9 /* Debug */ = {
			isa = XCBuildConfiguration;
			baseConfigurationReference = 5B258D14FEC87206125FF2E6 /* Pods-LunchLine-LunchLineUITests.debug.xcconfig */;
			buildSettings = {
				ALWAYS_EMBED_SWIFT_STANDARD_LIBRARIES = YES;
				CODE_SIGN_STYLE = Automatic;
				INFOPLIST_FILE = LunchLineUITests/Info.plist;
				LD_RUNPATH_SEARCH_PATHS = (
					"$(inherited)",
					"@executable_path/Frameworks",
					"@loader_path/Frameworks",
				);
				PRODUCT_BUNDLE_IDENTIFIER = matt.larsen.LunchLineUITests;
				PRODUCT_NAME = "$(TARGET_NAME)";
				SWIFT_VERSION = 5.0;
				TARGETED_DEVICE_FAMILY = "1,2";
				TEST_TARGET_NAME = LunchLine;
			};
			name = Debug;
		};
		00ECBFA6253B55FA00CD27F9 /* Release */ = {
			isa = XCBuildConfiguration;
			baseConfigurationReference = A75600697A52DAFFF696056E /* Pods-LunchLine-LunchLineUITests.release.xcconfig */;
			buildSettings = {
				ALWAYS_EMBED_SWIFT_STANDARD_LIBRARIES = YES;
				CODE_SIGN_STYLE = Automatic;
				INFOPLIST_FILE = LunchLineUITests/Info.plist;
				LD_RUNPATH_SEARCH_PATHS = (
					"$(inherited)",
					"@executable_path/Frameworks",
					"@loader_path/Frameworks",
				);
				PRODUCT_BUNDLE_IDENTIFIER = matt.larsen.LunchLineUITests;
				PRODUCT_NAME = "$(TARGET_NAME)";
				SWIFT_VERSION = 5.0;
				TARGETED_DEVICE_FAMILY = "1,2";
				TEST_TARGET_NAME = LunchLine;
			};
			name = Release;
		};
/* End XCBuildConfiguration section */

/* Begin XCConfigurationList section */
		00ECBF6F253B55F500CD27F9 /* Build configuration list for PBXProject "LunchLine" */ = {
			isa = XCConfigurationList;
			buildConfigurations = (
				00ECBF9C253B55FA00CD27F9 /* Debug */,
				00ECBF9D253B55FA00CD27F9 /* Release */,
			);
			defaultConfigurationIsVisible = 0;
			defaultConfigurationName = Release;
		};
		00ECBF9E253B55FA00CD27F9 /* Build configuration list for PBXNativeTarget "LunchLine" */ = {
			isa = XCConfigurationList;
			buildConfigurations = (
				00ECBF9F253B55FA00CD27F9 /* Debug */,
				00ECBFA0253B55FA00CD27F9 /* Release */,
			);
			defaultConfigurationIsVisible = 0;
			defaultConfigurationName = Release;
		};
		00ECBFA1253B55FA00CD27F9 /* Build configuration list for PBXNativeTarget "LunchLineTests" */ = {
			isa = XCConfigurationList;
			buildConfigurations = (
				00ECBFA2253B55FA00CD27F9 /* Debug */,
				00ECBFA3253B55FA00CD27F9 /* Release */,
			);
			defaultConfigurationIsVisible = 0;
			defaultConfigurationName = Release;
		};
		00ECBFA4253B55FA00CD27F9 /* Build configuration list for PBXNativeTarget "LunchLineUITests" */ = {
			isa = XCConfigurationList;
			buildConfigurations = (
				00ECBFA5253B55FA00CD27F9 /* Debug */,
				00ECBFA6253B55FA00CD27F9 /* Release */,
			);
			defaultConfigurationIsVisible = 0;
			defaultConfigurationName = Release;
		};
/* End XCConfigurationList section */
	};
	rootObject = 00ECBF6C253B55F500CD27F9 /* Project object */;
}
